
Microsoft Visual Studio Solution File, Format Version 12.00
# Visual Studio Version 16
VisualStudioVersion = 16.0.30011.22
MinimumVisualStudioVersion = 10.0.40219.1
Project("{8BC9CEB8-8B4A-11D0-8D11-00A0C91BC942}") = "test_src", "test_src.vcxproj", "{1A8C9AD7-DDFA-4E8B-A1BB-41AF321AAF1C}"
EndProject
Global
	GlobalSection(SolutionConfigurationPlatforms) = preSolution
		Debug|x64 = Debug|x64
		Debug|x86 = Debug|x86
		Release|x64 = Release|x64
		Release|x86 = Release|x86
	EndGlobalSection
	GlobalSection(ProjectConfigurationPlatforms) = postSolution
		{1A8C9AD7-DDFA-4E8B-A1BB-41AF321AAF1C}.Debug|x64.ActiveCfg = Debug|x64
		{1A8C9AD7-DDFA-4E8B-A1BB-41AF321AAF1C}.Debug|x64.Build.0 = Debug|x64
		{1A8C9AD7-DDFA-4E8B-A1BB-41AF321AAF1C}.Debug|x86.ActiveCfg = Debug|Win32
		{1A8C9AD7-DDFA-4E8B-A1BB-41AF321AAF1C}.Debug|x86.Build.0 = Debug|Win32
		{1A8C9AD7-DDFA-4E8B-A1BB-41AF321AAF1C}.Release|x64.ActiveCfg = Release|x64
		{1A8C9AD7-DDFA-4E8B-A1BB-41AF321AAF1C}.Release|x64.Build.0 = Release|x64
		{1A8C9AD7-DDFA-4E8B-A1BB-41AF321AAF1C}.Release|x86.ActiveCfg = Release|Win32
		{1A8C9AD7-DDFA-4E8B-A1BB-41AF321AAF1C}.Release|x86.Build.0 = Release|Win32
	EndGlobalSection
	GlobalSection(SolutionProperties) = preSolution
		HideSolutionNode = FALSE
	EndGlobalSection
	GlobalSection(ExtensibilityGlobals) = postSolution
		SolutionGuid = {F320DB4F-AB4B-4DBD-A5FF-0173A2056B69}
	EndGlobalSection
EndGlobal
